// !$*UTF8*$!
{
	archiveVersion = 1;
	classes = {
	};
	objectVersion = 51;
	objects = {

/* Begin PBXBuildFile section */
		257F48F4ACAAC40B419A9728 /* Pods_Buy_first_DDD.framework in Frameworks */ = {isa = PBXBuildFile; fileRef = 05E37C4F8B5042B260FE2396 /* Pods_Buy_first_DDD.framework */; };
		CE1C703622C0E4E50069D29D /* ResultsViewController.swift in Sources */ = {isa = PBXBuildFile; fileRef = CE1C703522C0E4E50069D29D /* ResultsViewController.swift */; };
		CE1C703A22C0E6950069D29D /* ResultsViewControllerInteractor.swift in Sources */ = {isa = PBXBuildFile; fileRef = CE1C703922C0E6950069D29D /* ResultsViewControllerInteractor.swift */; };
		CE39285822C3B4F10098EEE7 /* Item.swift in Sources */ = {isa = PBXBuildFile; fileRef = CE39285722C3B4F10098EEE7 /* Item.swift */; };
		CE4470B722BB9F8A0036524B /* AppDelegate.swift in Sources */ = {isa = PBXBuildFile; fileRef = CE4470B622BB9F8A0036524B /* AppDelegate.swift */; };
		CE4470B922BB9F8A0036524B /* MainTableViewController.swift in Sources */ = {isa = PBXBuildFile; fileRef = CE4470B822BB9F8A0036524B /* MainTableViewController.swift */; };
		CE4470BC22BB9F8A0036524B /* Main.storyboard in Resources */ = {isa = PBXBuildFile; fileRef = CE4470BA22BB9F8A0036524B /* Main.storyboard */; };
		CE4470C122BB9F8B0036524B /* Assets.xcassets in Resources */ = {isa = PBXBuildFile; fileRef = CE4470C022BB9F8B0036524B /* Assets.xcassets */; };
		CE4470C422BB9F8B0036524B /* LaunchScreen.storyboard in Resources */ = {isa = PBXBuildFile; fileRef = CE4470C222BB9F8B0036524B /* LaunchScreen.storyboard */; };
		CE4470CC22BBA1E30036524B /* Router.swift in Sources */ = {isa = PBXBuildFile; fileRef = CE4470CB22BBA1E30036524B /* Router.swift */; };
		CE4470CE22BBA6330036524B /* MainViewControllerPresenter.swift in Sources */ = {isa = PBXBuildFile; fileRef = CE4470CD22BBA6330036524B /* MainViewControllerPresenter.swift */; };
		CE4470D022BBA6500036524B /* MainViewControllerInteractor.swift in Sources */ = {isa = PBXBuildFile; fileRef = CE4470CF22BBA6500036524B /* MainViewControllerInteractor.swift */; };
		CE4C110122C20B9B001855AE /* ItemTableViewCell.swift in Sources */ = {isa = PBXBuildFile; fileRef = CE4C110022C20B9B001855AE /* ItemTableViewCell.swift */; };
		CE68B75422C8C9830014B24C /* NetworkService.swift in Sources */ = {isa = PBXBuildFile; fileRef = CE68B75322C8C9830014B24C /* NetworkService.swift */; };
		CE68B76022D1EF170014B24C /* OptionsTableViewController.swift in Sources */ = {isa = PBXBuildFile; fileRef = CE68B75F22D1EF170014B24C /* OptionsTableViewController.swift */; };
		CE68B76222D200230014B24C /* UserDefaults+Extensions.swift in Sources */ = {isa = PBXBuildFile; fileRef = CE68B76122D200230014B24C /* UserDefaults+Extensions.swift */; };
		CEC0A17622D6547000D3B82D /* CustomTabBarController.swift in Sources */ = {isa = PBXBuildFile; fileRef = CEC0A17522D6547000D3B82D /* CustomTabBarController.swift */; };
		CEC0A17822D65B2900D3B82D /* CustomNavigationController.swift in Sources */ = {isa = PBXBuildFile; fileRef = CEC0A17722D65B2800D3B82D /* CustomNavigationController.swift */; };
		CEC9B7BD22C4B38A00DD2F54 /* StartViewController.swift in Sources */ = {isa = PBXBuildFile; fileRef = CEC9B7BC22C4B38A00DD2F54 /* StartViewController.swift */; };
		CEC9B7BF22C4B3B600DD2F54 /* StartViewControllerInteractor.swift in Sources */ = {isa = PBXBuildFile; fileRef = CEC9B7BE22C4B3B600DD2F54 /* StartViewControllerInteractor.swift */; };
		CEC9B7C122C4B3C400DD2F54 /* StartViewControllerPresenter.swift in Sources */ = {isa = PBXBuildFile; fileRef = CEC9B7C022C4B3C400DD2F54 /* StartViewControllerPresenter.swift */; };
		CEC9B7CD22C75FDF00DD2F54 /* UIView+Extensions.swift in Sources */ = {isa = PBXBuildFile; fileRef = CEC9B7CC22C75FDF00DD2F54 /* UIView+Extensions.swift */; };
		CEC9B7CF22C7601900DD2F54 /* UIImage+Extensions.swift in Sources */ = {isa = PBXBuildFile; fileRef = CEC9B7CE22C7601900DD2F54 /* UIImage+Extensions.swift */; };
		CEC9B7D622C7612400DD2F54 /* String+Extensions.swift in Sources */ = {isa = PBXBuildFile; fileRef = CEC9B7D522C7612400DD2F54 /* String+Extensions.swift */; };
		CEC9B7D922C77E9000DD2F54 /* Animator.swift in Sources */ = {isa = PBXBuildFile; fileRef = CEC9B7D822C77E9000DD2F54 /* Animator.swift */; };
		CEC9B7DB22C77F0B00DD2F54 /* Animations.swift in Sources */ = {isa = PBXBuildFile; fileRef = CEC9B7DA22C77F0B00DD2F54 /* Animations.swift */; };
		CEC9B7DD22C77F9700DD2F54 /* UITableView+Extensions.swift in Sources */ = {isa = PBXBuildFile; fileRef = CEC9B7DC22C77F9700DD2F54 /* UITableView+Extensions.swift */; };
/* End PBXBuildFile section */

/* Begin PBXFileReference section */
		05E37C4F8B5042B260FE2396 /* Pods_Buy_first_DDD.framework */ = {isa = PBXFileReference; explicitFileType = wrapper.framework; includeInIndex = 0; path = Pods_Buy_first_DDD.framework; sourceTree = BUILT_PRODUCTS_DIR; };
		956A10EC62918BC27427DE91 /* Pods-Buy first DDD.release.xcconfig */ = {isa = PBXFileReference; includeInIndex = 1; lastKnownFileType = text.xcconfig; name = "Pods-Buy first DDD.release.xcconfig"; path = "Target Support Files/Pods-Buy first DDD/Pods-Buy first DDD.release.xcconfig"; sourceTree = "<group>"; };
		B84D70FCCEE0BB73FCBA20C2 /* Pods-Buy first DDD.debug.xcconfig */ = {isa = PBXFileReference; includeInIndex = 1; lastKnownFileType = text.xcconfig; name = "Pods-Buy first DDD.debug.xcconfig"; path = "Target Support Files/Pods-Buy first DDD/Pods-Buy first DDD.debug.xcconfig"; sourceTree = "<group>"; };
		CE1C703522C0E4E50069D29D /* ResultsViewController.swift */ = {isa = PBXFileReference; lastKnownFileType = sourcecode.swift; path = ResultsViewController.swift; sourceTree = "<group>"; };
		CE1C703922C0E6950069D29D /* ResultsViewControllerInteractor.swift */ = {isa = PBXFileReference; lastKnownFileType = sourcecode.swift; path = ResultsViewControllerInteractor.swift; sourceTree = "<group>"; };
		CE39285722C3B4F10098EEE7 /* Item.swift */ = {isa = PBXFileReference; lastKnownFileType = sourcecode.swift; path = Item.swift; sourceTree = "<group>"; };
		CE4470B322BB9F8A0036524B /* Buy first DDD.app */ = {isa = PBXFileReference; explicitFileType = wrapper.application; includeInIndex = 0; path = "Buy first DDD.app"; sourceTree = BUILT_PRODUCTS_DIR; };
		CE4470B622BB9F8A0036524B /* AppDelegate.swift */ = {isa = PBXFileReference; lastKnownFileType = sourcecode.swift; path = AppDelegate.swift; sourceTree = "<group>"; };
		CE4470B822BB9F8A0036524B /* MainTableViewController.swift */ = {isa = PBXFileReference; lastKnownFileType = sourcecode.swift; path = MainTableViewController.swift; sourceTree = "<group>"; };
		CE4470BB22BB9F8A0036524B /* Base */ = {isa = PBXFileReference; lastKnownFileType = file.storyboard; name = Base; path = Base.lproj/Main.storyboard; sourceTree = "<group>"; };
		CE4470C022BB9F8B0036524B /* Assets.xcassets */ = {isa = PBXFileReference; lastKnownFileType = folder.assetcatalog; path = Assets.xcassets; sourceTree = "<group>"; };
		CE4470C322BB9F8B0036524B /* Base */ = {isa = PBXFileReference; lastKnownFileType = file.storyboard; name = Base; path = Base.lproj/LaunchScreen.storyboard; sourceTree = "<group>"; };
		CE4470C522BB9F8B0036524B /* Info.plist */ = {isa = PBXFileReference; lastKnownFileType = text.plist.xml; path = Info.plist; sourceTree = "<group>"; };
		CE4470CB22BBA1E30036524B /* Router.swift */ = {isa = PBXFileReference; lastKnownFileType = sourcecode.swift; path = Router.swift; sourceTree = "<group>"; };
		CE4470CD22BBA6330036524B /* MainViewControllerPresenter.swift */ = {isa = PBXFileReference; lastKnownFileType = sourcecode.swift; path = MainViewControllerPresenter.swift; sourceTree = "<group>"; };
		CE4470CF22BBA6500036524B /* MainViewControllerInteractor.swift */ = {isa = PBXFileReference; lastKnownFileType = sourcecode.swift; path = MainViewControllerInteractor.swift; sourceTree = "<group>"; };
		CE4C110022C20B9B001855AE /* ItemTableViewCell.swift */ = {isa = PBXFileReference; lastKnownFileType = sourcecode.swift; path = ItemTableViewCell.swift; sourceTree = "<group>"; };
		CE68B75322C8C9830014B24C /* NetworkService.swift */ = {isa = PBXFileReference; lastKnownFileType = sourcecode.swift; path = NetworkService.swift; sourceTree = "<group>"; };
		CE68B75F22D1EF170014B24C /* OptionsTableViewController.swift */ = {isa = PBXFileReference; lastKnownFileType = sourcecode.swift; path = OptionsTableViewController.swift; sourceTree = "<group>"; };
		CE68B76122D200230014B24C /* UserDefaults+Extensions.swift */ = {isa = PBXFileReference; lastKnownFileType = sourcecode.swift; path = "UserDefaults+Extensions.swift"; sourceTree = "<group>"; };
		CEC0A17522D6547000D3B82D /* CustomTabBarController.swift */ = {isa = PBXFileReference; lastKnownFileType = sourcecode.swift; path = CustomTabBarController.swift; sourceTree = "<group>"; };
		CEC0A17722D65B2800D3B82D /* CustomNavigationController.swift */ = {isa = PBXFileReference; lastKnownFileType = sourcecode.swift; path = CustomNavigationController.swift; sourceTree = "<group>"; };
		CEC9B7BC22C4B38A00DD2F54 /* StartViewController.swift */ = {isa = PBXFileReference; lastKnownFileType = sourcecode.swift; path = StartViewController.swift; sourceTree = "<group>"; };
		CEC9B7BE22C4B3B600DD2F54 /* StartViewControllerInteractor.swift */ = {isa = PBXFileReference; lastKnownFileType = sourcecode.swift; path = StartViewControllerInteractor.swift; sourceTree = "<group>"; };
		CEC9B7C022C4B3C400DD2F54 /* StartViewControllerPresenter.swift */ = {isa = PBXFileReference; lastKnownFileType = sourcecode.swift; path = StartViewControllerPresenter.swift; sourceTree = "<group>"; };
		CEC9B7CC22C75FDF00DD2F54 /* UIView+Extensions.swift */ = {isa = PBXFileReference; lastKnownFileType = sourcecode.swift; path = "UIView+Extensions.swift"; sourceTree = "<group>"; };
		CEC9B7CE22C7601900DD2F54 /* UIImage+Extensions.swift */ = {isa = PBXFileReference; lastKnownFileType = sourcecode.swift; path = "UIImage+Extensions.swift"; sourceTree = "<group>"; };
		CEC9B7D522C7612400DD2F54 /* String+Extensions.swift */ = {isa = PBXFileReference; lastKnownFileType = sourcecode.swift; path = "String+Extensions.swift"; sourceTree = "<group>"; };
		CEC9B7D822C77E9000DD2F54 /* Animator.swift */ = {isa = PBXFileReference; lastKnownFileType = sourcecode.swift; path = Animator.swift; sourceTree = "<group>"; };
		CEC9B7DA22C77F0B00DD2F54 /* Animations.swift */ = {isa = PBXFileReference; lastKnownFileType = sourcecode.swift; path = Animations.swift; sourceTree = "<group>"; };
		CEC9B7DC22C77F9700DD2F54 /* UITableView+Extensions.swift */ = {isa = PBXFileReference; lastKnownFileType = sourcecode.swift; path = "UITableView+Extensions.swift"; sourceTree = "<group>"; };
/* End PBXFileReference section */

/* Begin PBXFrameworksBuildPhase section */
		CE4470B022BB9F8A0036524B /* Frameworks */ = {
			isa = PBXFrameworksBuildPhase;
			buildActionMask = 2147483647;
			files = (
				257F48F4ACAAC40B419A9728 /* Pods_Buy_first_DDD.framework in Frameworks */,
			);
			runOnlyForDeploymentPostprocessing = 0;
		};
/* End PBXFrameworksBuildPhase section */

/* Begin PBXGroup section */
		18456A18300C1A6E1FD079A6 /* Frameworks */ = {
			isa = PBXGroup;
			children = (
				05E37C4F8B5042B260FE2396 /* Pods_Buy_first_DDD.framework */,
			);
			name = Frameworks;
			sourceTree = "<group>";
		};
		63CAA1D1105582BF96C24AAF /* Pods */ = {
			isa = PBXGroup;
			children = (
				B84D70FCCEE0BB73FCBA20C2 /* Pods-Buy first DDD.debug.xcconfig */,
				956A10EC62918BC27427DE91 /* Pods-Buy first DDD.release.xcconfig */,
			);
			path = Pods;
			sourceTree = "<group>";
		};
		CE1C703722C0E4F60069D29D /* MainViewController */ = {
			isa = PBXGroup;
			children = (
				CE4470B822BB9F8A0036524B /* MainTableViewController.swift */,
				CE4470CD22BBA6330036524B /* MainViewControllerPresenter.swift */,
				CE4470CF22BBA6500036524B /* MainViewControllerInteractor.swift */,
			);
			path = MainViewController;
			sourceTree = "<group>";
		};
		CE1C703822C0E5150069D29D /* ResultsViewController */ = {
			isa = PBXGroup;
			children = (
				CE1C703522C0E4E50069D29D /* ResultsViewController.swift */,
				CE1C703922C0E6950069D29D /* ResultsViewControllerInteractor.swift */,
				CE4C110022C20B9B001855AE /* ItemTableViewCell.swift */,
			);
			path = ResultsViewController;
			sourceTree = "<group>";
		};
		CE4470AA22BB9F8A0036524B = {
			isa = PBXGroup;
			children = (
				CE4470B522BB9F8A0036524B /* Buy first DDD */,
				CEC9B7D722C77E7900DD2F54 /* Support classes */,
				CEC9B7CB22C75FAE00DD2F54 /* Extensions */,
				CE4470B422BB9F8A0036524B /* Products */,
				63CAA1D1105582BF96C24AAF /* Pods */,
				18456A18300C1A6E1FD079A6 /* Frameworks */,
			);
			sourceTree = "<group>";
		};
		CE4470B422BB9F8A0036524B /* Products */ = {
			isa = PBXGroup;
			children = (
				CE4470B322BB9F8A0036524B /* Buy first DDD.app */,
			);
			name = Products;
			sourceTree = "<group>";
		};
		CE4470B522BB9F8A0036524B /* Buy first DDD */ = {
			isa = PBXGroup;
			children = (
				CE4470B622BB9F8A0036524B /* AppDelegate.swift */,
				CE1C703722C0E4F60069D29D /* MainViewController */,
				CEC9B7C222C4B3CE00DD2F54 /* StartViewController */,
				CE4470CB22BBA1E30036524B /* Router.swift */,
				CE4470BA22BB9F8A0036524B /* Main.storyboard */,
				CE68B75E22D1EEFB0014B24C /* OptionsTableViewController */,
				CE1C703822C0E5150069D29D /* ResultsViewController */,
				CE4470C022BB9F8B0036524B /* Assets.xcassets */,
				CE4470C222BB9F8B0036524B /* LaunchScreen.storyboard */,
				CE4470C522BB9F8B0036524B /* Info.plist */,
				CEC9B7C922C75F7500DD2F54 /* Model */,
			);
			path = "Buy first DDD";
			sourceTree = "<group>";
		};
		CE68B75E22D1EEFB0014B24C /* OptionsTableViewController */ = {
			isa = PBXGroup;
			children = (
				CE68B75F22D1EF170014B24C /* OptionsTableViewController.swift */,
			);
			path = OptionsTableViewController;
			sourceTree = "<group>";
		};
		CEC9B7C222C4B3CE00DD2F54 /* StartViewController */ = {
			isa = PBXGroup;
			children = (
				CEC9B7BC22C4B38A00DD2F54 /* StartViewController.swift */,
				CEC9B7BE22C4B3B600DD2F54 /* StartViewControllerInteractor.swift */,
				CEC9B7C022C4B3C400DD2F54 /* StartViewControllerPresenter.swift */,
			);
			path = StartViewController;
			sourceTree = "<group>";
		};
		CEC9B7C922C75F7500DD2F54 /* Model */ = {
			isa = PBXGroup;
			children = (
				CE39285722C3B4F10098EEE7 /* Item.swift */,
			);
			path = Model;
			sourceTree = "<group>";
		};
		CEC9B7CB22C75FAE00DD2F54 /* Extensions */ = {
			isa = PBXGroup;
			children = (
				CEC9B7CC22C75FDF00DD2F54 /* UIView+Extensions.swift */,
				CEC9B7CE22C7601900DD2F54 /* UIImage+Extensions.swift */,
				CEC9B7D522C7612400DD2F54 /* String+Extensions.swift */,
				CEC9B7DC22C77F9700DD2F54 /* UITableView+Extensions.swift */,
				CE68B76122D200230014B24C /* UserDefaults+Extensions.swift */,
			);
			path = Extensions;
			sourceTree = "<group>";
		};
		CEC9B7D722C77E7900DD2F54 /* Support classes */ = {
			isa = PBXGroup;
			children = (
				CEC9B7D822C77E9000DD2F54 /* Animator.swift */,
				CEC9B7DA22C77F0B00DD2F54 /* Animations.swift */,
				CE68B75322C8C9830014B24C /* NetworkService.swift */,
				CEC0A17522D6547000D3B82D /* CustomTabBarController.swift */,
				CEC0A17722D65B2800D3B82D /* CustomNavigationController.swift */,
			);
			path = "Support classes";
			sourceTree = "<group>";
		};
/* End PBXGroup section */

/* Begin PBXNativeTarget section */
		CE4470B222BB9F8A0036524B /* Buy first DDD */ = {
			isa = PBXNativeTarget;
			buildConfigurationList = CE4470C822BB9F8B0036524B /* Build configuration list for PBXNativeTarget "Buy first DDD" */;
			buildPhases = (
				1DF839E662B7C14DF55C36C7 /* [CP] Check Pods Manifest.lock */,
				CE4470AF22BB9F8A0036524B /* Sources */,
				CE4470B022BB9F8A0036524B /* Frameworks */,
				CE4470B122BB9F8A0036524B /* Resources */,
				342549020001D937E7B718C3 /* [CP] Embed Pods Frameworks */,
			);
			buildRules = (
			);
			dependencies = (
			);
			name = "Buy first DDD";
			productName = "Buy first DDD";
			productReference = CE4470B322BB9F8A0036524B /* Buy first DDD.app */;
			productType = "com.apple.product-type.application";
		};
/* End PBXNativeTarget section */

/* Begin PBXProject section */
		CE4470AB22BB9F8A0036524B /* Project object */ = {
			isa = PBXProject;
			attributes = {
				LastSwiftUpdateCheck = 1020;
				LastUpgradeCheck = 1020;
				ORGANIZATIONNAME = user;
				TargetAttributes = {
					CE4470B222BB9F8A0036524B = {
						CreatedOnToolsVersion = 10.2.1;
						SystemCapabilities = {
							com.apple.BackgroundModes = {
								enabled = 1;
							};
						};
					};
				};
			};
			buildConfigurationList = CE4470AE22BB9F8A0036524B /* Build configuration list for PBXProject "Buy first DDD" */;
			compatibilityVersion = "Xcode 9.3";
			developmentRegion = en;
			hasScannedForEncodings = 0;
			knownRegions = (
				en,
				Base,
			);
			mainGroup = CE4470AA22BB9F8A0036524B;
			productRefGroup = CE4470B422BB9F8A0036524B /* Products */;
			projectDirPath = "";
			projectRoot = "";
			targets = (
				CE4470B222BB9F8A0036524B /* Buy first DDD */,
			);
		};
/* End PBXProject section */

/* Begin PBXResourcesBuildPhase section */
		CE4470B122BB9F8A0036524B /* Resources */ = {
			isa = PBXResourcesBuildPhase;
			buildActionMask = 2147483647;
			files = (
				CE4470C422BB9F8B0036524B /* LaunchScreen.storyboard in Resources */,
				CE4470C122BB9F8B0036524B /* Assets.xcassets in Resources */,
				CE4470BC22BB9F8A0036524B /* Main.storyboard in Resources */,
			);
			runOnlyForDeploymentPostprocessing = 0;
		};
/* End PBXResourcesBuildPhase section */

/* Begin PBXShellScriptBuildPhase section */
		1DF839E662B7C14DF55C36C7 /* [CP] Check Pods Manifest.lock */ = {
			isa = PBXShellScriptBuildPhase;
			buildActionMask = 2147483647;
			files = (
			);
			inputFileListPaths = (
			);
			inputPaths = (
				"${PODS_PODFILE_DIR_PATH}/Podfile.lock",
				"${PODS_ROOT}/Manifest.lock",
			);
			name = "[CP] Check Pods Manifest.lock";
			outputFileListPaths = (
			);
			outputPaths = (
				"$(DERIVED_FILE_DIR)/Pods-Buy first DDD-checkManifestLockResult.txt",
			);
			runOnlyForDeploymentPostprocessing = 0;
			shellPath = /bin/sh;
			shellScript = "diff \"${PODS_PODFILE_DIR_PATH}/Podfile.lock\" \"${PODS_ROOT}/Manifest.lock\" > /dev/null\nif [ $? != 0 ] ; then\n    # print error to STDERR\n    echo \"error: The sandbox is not in sync with the Podfile.lock. Run 'pod install' or update your CocoaPods installation.\" >&2\n    exit 1\nfi\n# This output is used by Xcode 'outputs' to avoid re-running this script phase.\necho \"SUCCESS\" > \"${SCRIPT_OUTPUT_FILE_0}\"\n";
			showEnvVarsInLog = 0;
		};
		342549020001D937E7B718C3 /* [CP] Embed Pods Frameworks */ = {
			isa = PBXShellScriptBuildPhase;
			buildActionMask = 2147483647;
			files = (
			);
			inputFileListPaths = (
				"${PODS_ROOT}/Target Support Files/Pods-Buy first DDD/Pods-Buy first DDD-frameworks-${CONFIGURATION}-input-files.xcfilelist",
			);
			name = "[CP] Embed Pods Frameworks";
			outputFileListPaths = (
				"${PODS_ROOT}/Target Support Files/Pods-Buy first DDD/Pods-Buy first DDD-frameworks-${CONFIGURATION}-output-files.xcfilelist",
			);
			runOnlyForDeploymentPostprocessing = 0;
			shellPath = /bin/sh;
			shellScript = "\"${PODS_ROOT}/Target Support Files/Pods-Buy first DDD/Pods-Buy first DDD-frameworks.sh\"\n";
			showEnvVarsInLog = 0;
		};
/* End PBXShellScriptBuildPhase section */

/* Begin PBXSourcesBuildPhase section */
		CE4470AF22BB9F8A0036524B /* Sources */ = {
			isa = PBXSourcesBuildPhase;
			buildActionMask = 2147483647;
			files = (
				CE68B75422C8C9830014B24C /* NetworkService.swift in Sources */,
				CE4470CC22BBA1E30036524B /* Router.swift in Sources */,
				CE4470B922BB9F8A0036524B /* MainTableViewController.swift in Sources */,
				CEC9B7D922C77E9000DD2F54 /* Animator.swift in Sources */,
				CE4C110122C20B9B001855AE /* ItemTableViewCell.swift in Sources */,
				CEC9B7D622C7612400DD2F54 /* String+Extensions.swift in Sources */,
				CEC9B7DB22C77F0B00DD2F54 /* Animations.swift in Sources */,
				CE68B76222D200230014B24C /* UserDefaults+Extensions.swift in Sources */,
				CE4470CE22BBA6330036524B /* MainViewControllerPresenter.swift in Sources */,
				CE1C703622C0E4E50069D29D /* ResultsViewController.swift in Sources */,
				CEC0A17622D6547000D3B82D /* CustomTabBarController.swift in Sources */,
				CEC0A17822D65B2900D3B82D /* CustomNavigationController.swift in Sources */,
				CE68B76022D1EF170014B24C /* OptionsTableViewController.swift in Sources */,
				CE39285822C3B4F10098EEE7 /* Item.swift in Sources */,
				CEC9B7C122C4B3C400DD2F54 /* StartViewControllerPresenter.swift in Sources */,
				CE1C703A22C0E6950069D29D /* ResultsViewControllerInteractor.swift in Sources */,
				CE4470B722BB9F8A0036524B /* AppDelegate.swift in Sources */,
				CE4470D022BBA6500036524B /* MainViewControllerInteractor.swift in Sources */,
				CEC9B7DD22C77F9700DD2F54 /* UITableView+Extensions.swift in Sources */,
				CEC9B7BD22C4B38A00DD2F54 /* StartViewController.swift in Sources */,
				CEC9B7CD22C75FDF00DD2F54 /* UIView+Extensions.swift in Sources */,
				CEC9B7BF22C4B3B600DD2F54 /* StartViewControllerInteractor.swift in Sources */,
				CEC9B7CF22C7601900DD2F54 /* UIImage+Extensions.swift in Sources */,
			);
			runOnlyForDeploymentPostprocessing = 0;
		};
/* End PBXSourcesBuildPhase section */

/* Begin PBXVariantGroup section */
		CE4470BA22BB9F8A0036524B /* Main.storyboard */ = {
			isa = PBXVariantGroup;
			children = (
				CE4470BB22BB9F8A0036524B /* Base */,
			);
			name = Main.storyboard;
			sourceTree = "<group>";
		};
		CE4470C222BB9F8B0036524B /* LaunchScreen.storyboard */ = {
			isa = PBXVariantGroup;
			children = (
				CE4470C322BB9F8B0036524B /* Base */,
			);
			name = LaunchScreen.storyboard;
			sourceTree = "<group>";
		};
/* End PBXVariantGroup section */

/* Begin XCBuildConfiguration section */
		CE4470C622BB9F8B0036524B /* Debug */ = {
			isa = XCBuildConfiguration;
			buildSettings = {
				ALWAYS_SEARCH_USER_PATHS = NO;
				CLANG_ANALYZER_NONNULL = YES;
				CLANG_ANALYZER_NUMBER_OBJECT_CONVERSION = YES_AGGRESSIVE;
				CLANG_CXX_LANGUAGE_STANDARD = "gnu++14";
				CLANG_CXX_LIBRARY = "libc++";
				CLANG_ENABLE_MODULES = YES;
				CLANG_ENABLE_OBJC_ARC = YES;
				CLANG_ENABLE_OBJC_WEAK = YES;
				CLANG_WARN_BLOCK_CAPTURE_AUTORELEASING = YES;
				CLANG_WARN_BOOL_CONVERSION = YES;
				CLANG_WARN_COMMA = YES;
				CLANG_WARN_CONSTANT_CONVERSION = YES;
				CLANG_WARN_DEPRECATED_OBJC_IMPLEMENTATIONS = YES;
				CLANG_WARN_DIRECT_OBJC_ISA_USAGE = YES_ERROR;
				CLANG_WARN_DOCUMENTATION_COMMENTS = YES;
				CLANG_WARN_EMPTY_BODY = YES;
				CLANG_WARN_ENUM_CONVERSION = YES;
				CLANG_WARN_INFINITE_RECURSION = YES;
				CLANG_WARN_INT_CONVERSION = YES;
				CLANG_WARN_NON_LITERAL_NULL_CONVERSION = YES;
				CLANG_WARN_OBJC_IMPLICIT_RETAIN_SELF = YES;
				CLANG_WARN_OBJC_LITERAL_CONVERSION = YES;
				CLANG_WARN_OBJC_ROOT_CLASS = YES_ERROR;
				CLANG_WARN_RANGE_LOOP_ANALYSIS = YES;
				CLANG_WARN_STRICT_PROTOTYPES = YES;
				CLANG_WARN_SUSPICIOUS_MOVE = YES;
				CLANG_WARN_UNGUARDED_AVAILABILITY = YES_AGGRESSIVE;
				CLANG_WARN_UNREACHABLE_CODE = YES;
				CLANG_WARN__DUPLICATE_METHOD_MATCH = YES;
				CODE_SIGN_IDENTITY = "iPhone Developer";
				COPY_PHASE_STRIP = NO;
				DEBUG_INFORMATION_FORMAT = dwarf;
				ENABLE_STRICT_OBJC_MSGSEND = YES;
				ENABLE_TESTABILITY = YES;
				GCC_C_LANGUAGE_STANDARD = gnu11;
				GCC_DYNAMIC_NO_PIC = NO;
				GCC_NO_COMMON_BLOCKS = YES;
				GCC_OPTIMIZATION_LEVEL = 0;
				GCC_PREPROCESSOR_DEFINITIONS = (
					"DEBUG=1",
					"$(inherited)",
				);
				GCC_WARN_64_TO_32_BIT_CONVERSION = YES;
				GCC_WARN_ABOUT_RETURN_TYPE = YES_ERROR;
				GCC_WARN_UNDECLARED_SELECTOR = YES;
				GCC_WARN_UNINITIALIZED_AUTOS = YES_AGGRESSIVE;
				GCC_WARN_UNUSED_FUNCTION = YES;
				GCC_WARN_UNUSED_VARIABLE = YES;
				IPHONEOS_DEPLOYMENT_TARGET = 12.2;
				MTL_ENABLE_DEBUG_INFO = INCLUDE_SOURCE;
				MTL_FAST_MATH = YES;
				ONLY_ACTIVE_ARCH = YES;
				SDKROOT = iphoneos;
				SWIFT_ACTIVE_COMPILATION_CONDITIONS = DEBUG;
				SWIFT_OPTIMIZATION_LEVEL = "-Onone";
			};
			name = Debug;
		};
		CE4470C722BB9F8B0036524B /* Release */ = {
			isa = XCBuildConfiguration;
			buildSettings = {
				ALWAYS_SEARCH_USER_PATHS = NO;
				CLANG_ANALYZER_NONNULL = YES;
				CLANG_ANALYZER_NUMBER_OBJECT_CONVERSION = YES_AGGRESSIVE;
				CLANG_CXX_LANGUAGE_STANDARD = "gnu++14";
				CLANG_CXX_LIBRARY = "libc++";
				CLANG_ENABLE_MODULES = YES;
				CLANG_ENABLE_OBJC_ARC = YES;
				CLANG_ENABLE_OBJC_WEAK = YES;
				CLANG_WARN_BLOCK_CAPTURE_AUTORELEASING = YES;
				CLANG_WARN_BOOL_CONVERSION = YES;
				CLANG_WARN_COMMA = YES;
				CLANG_WARN_CONSTANT_CONVERSION = YES;
				CLANG_WARN_DEPRECATED_OBJC_IMPLEMENTATIONS = YES;
				CLANG_WARN_DIRECT_OBJC_ISA_USAGE = YES_ERROR;
				CLANG_WARN_DOCUMENTATION_COMMENTS = YES;
				CLANG_WARN_EMPTY_BODY = YES;
				CLANG_WARN_ENUM_CONVERSION = YES;
				CLANG_WARN_INFINITE_RECURSION = YES;
				CLANG_WARN_INT_CONVERSION = YES;
				CLANG_WARN_NON_LITERAL_NULL_CONVERSION = YES;
				CLANG_WARN_OBJC_IMPLICIT_RETAIN_SELF = YES;
				CLANG_WARN_OBJC_LITERAL_CONVERSION = YES;
				CLANG_WARN_OBJC_ROOT_CLASS = YES_ERROR;
				CLANG_WARN_RANGE_LOOP_ANALYSIS = YES;
				CLANG_WARN_STRICT_PROTOTYPES = YES;
				CLANG_WARN_SUSPICIOUS_MOVE = YES;
				CLANG_WARN_UNGUARDED_AVAILABILITY = YES_AGGRESSIVE;
				CLANG_WARN_UNREACHABLE_CODE = YES;
				CLANG_WARN__DUPLICATE_METHOD_MATCH = YES;
				CODE_SIGN_IDENTITY = "iPhone Developer";
				COPY_PHASE_STRIP = NO;
				DEBUG_INFORMATION_FORMAT = "dwarf-with-dsym";
				ENABLE_NS_ASSERTIONS = NO;
				ENABLE_STRICT_OBJC_MSGSEND = YES;
				GCC_C_LANGUAGE_STANDARD = gnu11;
				GCC_NO_COMMON_BLOCKS = YES;
				GCC_WARN_64_TO_32_BIT_CONVERSION = YES;
				GCC_WARN_ABOUT_RETURN_TYPE = YES_ERROR;
				GCC_WARN_UNDECLARED_SELECTOR = YES;
				GCC_WARN_UNINITIALIZED_AUTOS = YES_AGGRESSIVE;
				GCC_WARN_UNUSED_FUNCTION = YES;
				GCC_WARN_UNUSED_VARIABLE = YES;
				IPHONEOS_DEPLOYMENT_TARGET = 12.2;
				MTL_ENABLE_DEBUG_INFO = NO;
				MTL_FAST_MATH = YES;
				SDKROOT = iphoneos;
				SWIFT_COMPILATION_MODE = wholemodule;
				SWIFT_OPTIMIZATION_LEVEL = "-O";
				VALIDATE_PRODUCT = YES;
			};
			name = Release;
		};
		CE4470C922BB9F8B0036524B /* Debug */ = {
			isa = XCBuildConfiguration;
			baseConfigurationReference = B84D70FCCEE0BB73FCBA20C2 /* Pods-Buy first DDD.debug.xcconfig */;
			buildSettings = {
				ASSETCATALOG_COMPILER_APPICON_NAME = AppIcon;
				CODE_SIGN_STYLE = Automatic;
				DEVELOPMENT_TEAM = 34UQ9VN4VQ;
				INFOPLIST_FILE = "Buy first DDD/Info.plist";
				LD_RUNPATH_SEARCH_PATHS = (
					"$(inherited)",
					"@executable_path/Frameworks",
				);
				PRODUCT_BUNDLE_IDENTIFIER = "home.Buy-first-DDD";
				PRODUCT_NAME = "$(TARGET_NAME)";
				SWIFT_VERSION = 5.0;
				TARGETED_DEVICE_FAMILY = "1,2";
			};
			name = Debug;
		};
		CE4470CA22BB9F8B0036524B /* Release */ = {
			isa = XCBuildConfiguration;
			baseConfigurationReference = 956A10EC62918BC27427DE91 /* Pods-Buy first DDD.release.xcconfig */;
			buildSettings = {
				ASSETCATALOG_COMPILER_APPICON_NAME = AppIcon;
				CODE_SIGN_STYLE = Automatic;
				DEVELOPMENT_TEAM = 34UQ9VN4VQ;
				INFOPLIST_FILE = "Buy first DDD/Info.plist";
				LD_RUNPATH_SEARCH_PATHS = (
					"$(inherited)",
					"@executable_path/Frameworks",
				);
				PRODUCT_BUNDLE_IDENTIFIER = "home.Buy-first-DDD";
				PRODUCT_NAME = "$(TARGET_NAME)";
				SWIFT_VERSION = 5.0;
				TARGETED_DEVICE_FAMILY = "1,2";
			};
			name = Release;
		};
/* End XCBuildConfiguration section */

/* Begin XCConfigurationList section */
		CE4470AE22BB9F8A0036524B /* Build configuration list for PBXProject "Buy first DDD" */ = {
			isa = XCConfigurationList;
			buildConfigurations = (
				CE4470C622BB9F8B0036524B /* Debug */,
				CE4470C722BB9F8B0036524B /* Release */,
			);
			defaultConfigurationIsVisible = 0;
			defaultConfigurationName = Release;
		};
		CE4470C822BB9F8B0036524B /* Build configuration list for PBXNativeTarget "Buy first DDD" */ = {
			isa = XCConfigurationList;
			buildConfigurations = (
				CE4470C922BB9F8B0036524B /* Debug */,
				CE4470CA22BB9F8B0036524B /* Release */,
			);
			defaultConfigurationIsVisible = 0;
			defaultConfigurationName = Release;
		};
/* End XCConfigurationList section */
	};
	rootObject = CE4470AB22BB9F8A0036524B /* Project object */;
}
